
Microsoft Visual Studio Solution File, Format Version 12.00
# Visual Studio Version 17
VisualStudioVersion = 17.5.33530.505
MinimumVisualStudioVersion = 10.0.40219.1
Project("{FAE04EC0-301F-11D3-BF4B-00C04F79EFBC}") = "CSharp_Exercise_3_Fibonacci", "CSharp_Exercise_3_Fibonacci\CSharp_Exercise_3_Fibonacci.csproj", "{A3D5FF2A-801D-43F9-B701-6568BCB7E791}"
EndProject
Global
	GlobalSection(SolutionConfigurationPlatforms) = preSolution
		Debug|Any CPU = Debug|Any CPU
		Release|Any CPU = Release|Any CPU
	EndGlobalSection
	GlobalSection(ProjectConfigurationPlatforms) = postSolution
		{A3D5FF2A-801D-43F9-B701-6568BCB7E791}.Debug|Any CPU.ActiveCfg = Debug|Any CPU
		{A3D5FF2A-801D-43F9-B701-6568BCB7E791}.Debug|Any CPU.Build.0 = Debug|Any CPU
		{A3D5FF2A-801D-43F9-B701-6568BCB7E791}.Release|Any CPU.ActiveCfg = Release|Any CPU
		{A3D5FF2A-801D-43F9-B701-6568BCB7E791}.Release|Any CPU.Build.0 = Release|Any CPU
	EndGlobalSection
	GlobalSection(SolutionProperties) = preSolution
		HideSolutionNode = FALSE
	EndGlobalSection
	GlobalSection(ExtensibilityGlobals) = postSolution
		SolutionGuid = {1BB0169B-2CB4-478F-A5E9-789E068F8B8A}
	EndGlobalSection
EndGlobal
